
Microsoft Visual Studio Solution File, Format Version 12.00
# Visual Studio Version 16
VisualStudioVersion = 25.0.1704.2
MinimumVisualStudioVersion = 10.0.40219.1
Project("{FAE04EC0-301F-11D3-BF4B-00C04F79EFBC}") = "UploadServer", "UploadServer.csproj", "{1BB35211-5EF0-4674-B05D-B9C5E1B6570F}"
EndProject
Project("{FAE04EC0-301F-11D3-BF4B-00C04F79EFBC}") = "UploadClient", "..\UploadClient\UploadClient.csproj", "{B62F6191-0AD1-4B04-9C03-47AF10DAF47C}"
EndProject
Global
	GlobalSection(SolutionConfigurationPlatforms) = preSolution
		Debug|Any CPU = Debug|Any CPU
		Release|Any CPU = Release|Any CPU
	EndGlobalSection
	GlobalSection(ProjectConfigurationPlatforms) = postSolution
		{1BB35211-5EF0-4674-B05D-B9C5E1B6570F}.Debug|Any CPU.ActiveCfg = Debug|Any CPU
		{1BB35211-5EF0-4674-B05D-B9C5E1B6570F}.Debug|Any CPU.Build.0 = Debug|Any CPU
		{1BB35211-5EF0-4674-B05D-B9C5E1B6570F}.Release|Any CPU.ActiveCfg = Release|Any CPU
		{1BB35211-5EF0-4674-B05D-B9C5E1B6570F}.Release|Any CPU.Build.0 = Release|Any CPU
		{B62F6191-0AD1-4B04-9C03-47AF10DAF47C}.Debug|Any CPU.ActiveCfg = Debug|Any CPU
		{B62F6191-0AD1-4B04-9C03-47AF10DAF47C}.Debug|Any CPU.Build.0 = Debug|Any CPU
		{B62F6191-0AD1-4B04-9C03-47AF10DAF47C}.Release|Any CPU.ActiveCfg = Release|Any CPU
		{B62F6191-0AD1-4B04-9C03-47AF10DAF47C}.Release|Any CPU.Build.0 = Release|Any CPU
	EndGlobalSection
	GlobalSection(SolutionProperties) = preSolution
		HideSolutionNode = FALSE
	EndGlobalSection
	GlobalSection(ExtensibilityGlobals) = postSolution
		SolutionGuid = {B94C241B-5E67-4F7E-9DA5-60B18692A968}
	EndGlobalSection
EndGlobal
